
Microsoft Visual Studio Solution File, Format Version 12.00
# Visual Studio 14
VisualStudioVersion = 14.0.25123.0
MinimumVisualStudioVersion = 10.0.40219.1
Project("{FAE04EC0-301F-11D3-BF4B-00C04F79EFBC}") = "The Fraud Explorer", "The Fraud Explorer\The Fraud Explorer.csproj", "{97100075-01AB-44D2-8F80-C76252377AA4}"
EndProject
Project("{54435603-DBB4-11D2-8724-00A0C9A8B90C}") = "The Fraud Explorer Installer", "The Fraud Explorer Installer\The Fraud Explorer Installer.vdproj", "{633B85AC-A941-4AE9-89AE-66CA980049AD}"
EndProject
Global
	GlobalSection(SolutionConfigurationPlatforms) = preSolution
		Debug|Any CPU = Debug|Any CPU
		Release|Any CPU = Release|Any CPU
	EndGlobalSection
	GlobalSection(ProjectConfigurationPlatforms) = postSolution
		{97100075-01AB-44D2-8F80-C76252377AA4}.Debug|Any CPU.ActiveCfg = Debug|Any CPU
		{97100075-01AB-44D2-8F80-C76252377AA4}.Debug|Any CPU.Build.0 = Debug|Any CPU
		{97100075-01AB-44D2-8F80-C76252377AA4}.Release|Any CPU.ActiveCfg = Release|Any CPU
		{97100075-01AB-44D2-8F80-C76252377AA4}.Release|Any CPU.Build.0 = Release|Any CPU
		{633B85AC-A941-4AE9-89AE-66CA980049AD}.Debug|Any CPU.ActiveCfg = Debug
		{633B85AC-A941-4AE9-89AE-66CA980049AD}.Release|Any CPU.ActiveCfg = Release
	EndGlobalSection
	GlobalSection(SolutionProperties) = preSolution
		HideSolutionNode = FALSE
	EndGlobalSection
EndGlobal
